{
  "originHash" : "482dadab7f00c40bcf2247b56bb20b6ed52a80a32e49e8da9c2b8e9296533f60",
  "pins" : [
    {
      "identity" : "personalcolordesignsystem",
      "kind" : "remoteSourceControl",
      "location" : "https://github.com/KimNahun/PersonalColorDesignSystem",
      "state" : {
        "branch" : "main",
        "revision" : "342bcd82bdad8d7d799e5d569045887ded5d652d"
      }
    }
  ],
  "version" : 3
}
